
Microsoft Visual Studio Solution File, Format Version 12.00
# Visual Studio Version 16
VisualStudioVersion = 16.0.31019.35
MinimumVisualStudioVersion = 10.0.40219.1
Project("{9A19103F-16F7-4668-BE54-9A1E7A4F7556}") = "EFCoreDemo", "EFCoreDemo.csproj", "{6F90B399-A557-464E-A8E9-23711B063DD8}"
EndProject
Project("{9A19103F-16F7-4668-BE54-9A1E7A4F7556}") = "SQlConnDemo", "..\SQlConnDemo\SQlConnDemo.csproj", "{7E18473E-310A-4039-ACA8-7032639284E3}"
EndProject
Global
	GlobalSection(SolutionConfigurationPlatforms) = preSolution
		Debug|Any CPU = Debug|Any CPU
		Release|Any CPU = Release|Any CPU
	EndGlobalSection
	GlobalSection(ProjectConfigurationPlatforms) = postSolution
		{6F90B399-A557-464E-A8E9-23711B063DD8}.Debug|Any CPU.ActiveCfg = Debug|Any CPU
		{6F90B399-A557-464E-A8E9-23711B063DD8}.Debug|Any CPU.Build.0 = Debug|Any CPU
		{6F90B399-A557-464E-A8E9-23711B063DD8}.Release|Any CPU.ActiveCfg = Release|Any CPU
		{6F90B399-A557-464E-A8E9-23711B063DD8}.Release|Any CPU.Build.0 = Release|Any CPU
		{7E18473E-310A-4039-ACA8-7032639284E3}.Debug|Any CPU.ActiveCfg = Debug|Any CPU
		{7E18473E-310A-4039-ACA8-7032639284E3}.Debug|Any CPU.Build.0 = Debug|Any CPU
		{7E18473E-310A-4039-ACA8-7032639284E3}.Release|Any CPU.ActiveCfg = Release|Any CPU
		{7E18473E-310A-4039-ACA8-7032639284E3}.Release|Any CPU.Build.0 = Release|Any CPU
	EndGlobalSection
	GlobalSection(SolutionProperties) = preSolution
		HideSolutionNode = FALSE
	EndGlobalSection
	GlobalSection(ExtensibilityGlobals) = postSolution
		SolutionGuid = {CE1852EE-86BE-47B6-B14A-7565AF3E100B}
	EndGlobalSection
EndGlobal
